
Microsoft Visual Studio Solution File, Format Version 11.00
# Visual Studio 2010
Project("{FAE04EC0-301F-11D3-BF4B-00C04F79EFBC}") = "PhoneBook", "PhoneBook\PhoneBook.csproj", "{9CF40B7C-792B-4AA0-90CB-0C70DFFB986F}"
EndProject
Global
	GlobalSection(SolutionConfigurationPlatforms) = preSolution
		Debug|x86 = Debug|x86
		Release|x86 = Release|x86
	EndGlobalSection
	GlobalSection(ProjectConfigurationPlatforms) = postSolution
		{9CF40B7C-792B-4AA0-90CB-0C70DFFB986F}.Debug|x86.ActiveCfg = Debug|x86
		{9CF40B7C-792B-4AA0-90CB-0C70DFFB986F}.Debug|x86.Build.0 = Debug|x86
		{9CF40B7C-792B-4AA0-90CB-0C70DFFB986F}.Release|x86.ActiveCfg = Release|x86
		{9CF40B7C-792B-4AA0-90CB-0C70DFFB986F}.Release|x86.Build.0 = Release|x86
	EndGlobalSection
	GlobalSection(SolutionProperties) = preSolution
		HideSolutionNode = FALSE
	EndGlobalSection
EndGlobal
